
Microsoft Visual Studio Solution File, Format Version 12.00
# Visual Studio Version 17
VisualStudioVersion = 17.4.33110.190
MinimumVisualStudioVersion = 10.0.40219.1
Project("{FAE04EC0-301F-11D3-BF4B-00C04F79EFBC}") = "MvcTask1", "MvcTask1\MvcTask1.csproj", "{0D216A10-BA79-4B43-9DF1-1B001BF0D068}"
EndProject
Global
	GlobalSection(SolutionConfigurationPlatforms) = preSolution
		Debug|Any CPU = Debug|Any CPU
		Release|Any CPU = Release|Any CPU
	EndGlobalSection
	GlobalSection(ProjectConfigurationPlatforms) = postSolution
		{0D216A10-BA79-4B43-9DF1-1B001BF0D068}.Debug|Any CPU.ActiveCfg = Debug|Any CPU
		{0D216A10-BA79-4B43-9DF1-1B001BF0D068}.Debug|Any CPU.Build.0 = Debug|Any CPU
		{0D216A10-BA79-4B43-9DF1-1B001BF0D068}.Release|Any CPU.ActiveCfg = Release|Any CPU
		{0D216A10-BA79-4B43-9DF1-1B001BF0D068}.Release|Any CPU.Build.0 = Release|Any CPU
	EndGlobalSection
	GlobalSection(SolutionProperties) = preSolution
		HideSolutionNode = FALSE
	EndGlobalSection
	GlobalSection(ExtensibilityGlobals) = postSolution
		SolutionGuid = {C76AFDCC-5241-45D4-829F-37DDE7CE9D59}
	EndGlobalSection
EndGlobal
